// !$*UTF8*$!
{
	archiveVersion = 1;
	classes = {
	};
	objectVersion = 48;
	objects = {

/* Begin PBXBuildFile section */
		D891C2952156C2AD00B438A0 /* AppDelegate.swift in Sources */ = {isa = PBXBuildFile; fileRef = D891C2942156C2AD00B438A0 /* AppDelegate.swift */; };
		D891C2972156C2AD00B438A0 /* ViewController.swift in Sources */ = {isa = PBXBuildFile; fileRef = D891C2962156C2AD00B438A0 /* ViewController.swift */; };
		D891C29A2156C2AD00B438A0 /* Main.storyboard in Resources */ = {isa = PBXBuildFile; fileRef = D891C2982156C2AD00B438A0 /* Main.storyboard */; };
		D891C29D2156C2AD00B438A0 /* HckTheSystem.xcdatamodeld in Sources */ = {isa = PBXBuildFile; fileRef = D891C29B2156C2AD00B438A0 /* HckTheSystem.xcdatamodeld */; };
		D891C29F2156C2AD00B438A0 /* Assets.xcassets in Resources */ = {isa = PBXBuildFile; fileRef = D891C29E2156C2AD00B438A0 /* Assets.xcassets */; };
		D891C2A22156C2AD00B438A0 /* LaunchScreen.storyboard in Resources */ = {isa = PBXBuildFile; fileRef = D891C2A02156C2AD00B438A0 /* LaunchScreen.storyboard */; };
/* End PBXBuildFile section */

/* Begin PBXFileReference section */
		D891C2912156C2AD00B438A0 /* HckTheSystem.app */ = {isa = PBXFileReference; explicitFileType = wrapper.application; includeInIndex = 0; path = HckTheSystem.app; sourceTree = BUILT_PRODUCTS_DIR; };
		D891C2942156C2AD00B438A0 /* AppDelegate.swift */ = {isa = PBXFileReference; lastKnownFileType = sourcecode.swift; path = AppDelegate.swift; sourceTree = "<group>"; };
		D891C2962156C2AD00B438A0 /* ViewController.swift */ = {isa = PBXFileReference; lastKnownFileType = sourcecode.swift; path = ViewController.swift; sourceTree = "<group>"; };
		D891C2992156C2AD00B438A0 /* Base */ = {isa = PBXFileReference; lastKnownFileType = file.storyboard; name = Base; path = Base.lproj/Main.storyboard; sourceTree = "<group>"; };
		D891C29C2156C2AD00B438A0 /* HckTheSystem.xcdatamodel */ = {isa = PBXFileReference; lastKnownFileType = wrapper.xcdatamodel; path = HckTheSystem.xcdatamodel; sourceTree = "<group>"; };
		D891C29E2156C2AD00B438A0 /* Assets.xcassets */ = {isa = PBXFileReference; lastKnownFileType = folder.assetcatalog; path = Assets.xcassets; sourceTree = "<group>"; };
		D891C2A12156C2AD00B438A0 /* Base */ = {isa = PBXFileReference; lastKnownFileType = file.storyboard; name = Base; path = Base.lproj/LaunchScreen.storyboard; sourceTree = "<group>"; };
		D891C2A32156C2AD00B438A0 /* Info.plist */ = {isa = PBXFileReference; lastKnownFileType = text.plist.xml; path = Info.plist; sourceTree = "<group>"; };
/* End PBXFileReference section */

/* Begin PBXFrameworksBuildPhase section */
		D891C28E2156C2AD00B438A0 /* Frameworks */ = {
			isa = PBXFrameworksBuildPhase;
			buildActionMask = 2147483647;
			files = (
			);
			runOnlyForDeploymentPostprocessing = 0;
		};
/* End PBXFrameworksBuildPhase section */

/* Begin PBXGroup section */
		D891C2882156C2AD00B438A0 = {
			isa = PBXGroup;
			children = (
				D891C2932156C2AD00B438A0 /* HckTheSystem */,
				D891C2922156C2AD00B438A0 /* Products */,
			);
			sourceTree = "<group>";
		};
		D891C2922156C2AD00B438A0 /* Products */ = {
			isa = PBXGroup;
			children = (
				D891C2912156C2AD00B438A0 /* HckTheSystem.app */,
			);
			name = Products;
			sourceTree = "<group>";
		};
		D891C2932156C2AD00B438A0 /* HckTheSystem */ = {
			isa = PBXGroup;
			children = (
				D891C2942156C2AD00B438A0 /* AppDelegate.swift */,
				D891C2962156C2AD00B438A0 /* ViewController.swift */,
				D891C2982156C2AD00B438A0 /* Main.storyboard */,
				D891C29E2156C2AD00B438A0 /* Assets.xcassets */,
				D891C2A02156C2AD00B438A0 /* LaunchScreen.storyboard */,
				D891C2A32156C2AD00B438A0 /* Info.plist */,
				D891C29B2156C2AD00B438A0 /* HckTheSystem.xcdatamodeld */,
			);
			path = HckTheSystem;
			sourceTree = "<group>";
		};
/* End PBXGroup section */

/* Begin PBXNativeTarget section */
		D891C2902156C2AD00B438A0 /* HckTheSystem */ = {
			isa = PBXNativeTarget;
			buildConfigurationList = D891C2A62156C2AD00B438A0 /* Build configuration list for PBXNativeTarget "HckTheSystem" */;
			buildPhases = (
				D891C28D2156C2AD00B438A0 /* Sources */,
				D891C28E2156C2AD00B438A0 /* Frameworks */,
				D891C28F2156C2AD00B438A0 /* Resources */,
			);
			buildRules = (
			);
			dependencies = (
			);
			name = HckTheSystem;
			productName = HckTheSystem;
			productReference = D891C2912156C2AD00B438A0 /* HckTheSystem.app */;
			productType = "com.apple.product-type.application";
		};
/* End PBXNativeTarget section */

/* Begin PBXProject section */
		D891C2892156C2AD00B438A0 /* Project object */ = {
			isa = PBXProject;
			attributes = {
				LastSwiftUpdateCheck = 0920;
				LastUpgradeCheck = 0920;
				ORGANIZATIONNAME = "Vihan Bhargava";
				TargetAttributes = {
					D891C2902156C2AD00B438A0 = {
						CreatedOnToolsVersion = 9.2;
						ProvisioningStyle = Automatic;
					};
				};
			};
			buildConfigurationList = D891C28C2156C2AD00B438A0 /* Build configuration list for PBXProject "HckTheSystem" */;
			compatibilityVersion = "Xcode 8.0";
			developmentRegion = en;
			hasScannedForEncodings = 0;
			knownRegions = (
				en,
				Base,
			);
			mainGroup = D891C2882156C2AD00B438A0;
			productRefGroup = D891C2922156C2AD00B438A0 /* Products */;
			projectDirPath = "";
			projectRoot = "";
			targets = (
				D891C2902156C2AD00B438A0 /* HckTheSystem */,
			);
		};
/* End PBXProject section */

/* Begin PBXResourcesBuildPhase section */
		D891C28F2156C2AD00B438A0 /* Resources */ = {
			isa = PBXResourcesBuildPhase;
			buildActionMask = 2147483647;
			files = (
				D891C2A22156C2AD00B438A0 /* LaunchScreen.storyboard in Resources */,
				D891C29F2156C2AD00B438A0 /* Assets.xcassets in Resources */,
				D891C29A2156C2AD00B438A0 /* Main.storyboard in Resources */,
			);
			runOnlyForDeploymentPostprocessing = 0;
		};
/* End PBXResourcesBuildPhase section */

/* Begin PBXSourcesBuildPhase section */
		D891C28D2156C2AD00B438A0 /* Sources */ = {
			isa = PBXSourcesBuildPhase;
			buildActionMask = 2147483647;
			files = (
				D891C2972156C2AD00B438A0 /* ViewController.swift in Sources */,
				D891C29D2156C2AD00B438A0 /* HckTheSystem.xcdatamodeld in Sources */,
				D891C2952156C2AD00B438A0 /* AppDelegate.swift in Sources */,
			);
			runOnlyForDeploymentPostprocessing = 0;
		};
/* End PBXSourcesBuildPhase section */

/* Begin PBXVariantGroup section */
		D891C2982156C2AD00B438A0 /* Main.storyboard */ = {
			isa = PBXVariantGroup;
			children = (
				D891C2992156C2AD00B438A0 /* Base */,
			);
			name = Main.storyboard;
			sourceTree = "<group>";
		};
		D891C2A02156C2AD00B438A0 /* LaunchScreen.storyboard */ = {
			isa = PBXVariantGroup;
			children = (
				D891C2A12156C2AD00B438A0 /* Base */,
			);
			name = LaunchScreen.storyboard;
			sourceTree = "<group>";
		};
/* End PBXVariantGroup section */

/* Begin XCBuildConfiguration section */
		D891C2A42156C2AD00B438A0 /* Debug */ = {
			isa = XCBuildConfiguration;
			buildSettings = {
				ALWAYS_SEARCH_USER_PATHS = NO;
				CLANG_ANALYZER_NONNULL = YES;
				CLANG_ANALYZER_NUMBER_OBJECT_CONVERSION = YES_AGGRESSIVE;
				CLANG_CXX_LANGUAGE_STANDARD = "gnu++14";
				CLANG_CXX_LIBRARY = "libc++";
				CLANG_ENABLE_MODULES = YES;
				CLANG_ENABLE_OBJC_ARC = YES;
				CLANG_WARN_BLOCK_CAPTURE_AUTORELEASING = YES;
				CLANG_WARN_BOOL_CONVERSION = YES;
				CLANG_WARN_COMMA = YES;
				CLANG_WARN_CONSTANT_CONVERSION = YES;
				CLANG_WARN_DIRECT_OBJC_ISA_USAGE = YES_ERROR;
				CLANG_WARN_DOCUMENTATION_COMMENTS = YES;
				CLANG_WARN_EMPTY_BODY = YES;
				CLANG_WARN_ENUM_CONVERSION = YES;
				CLANG_WARN_INFINITE_RECURSION = YES;
				CLANG_WARN_INT_CONVERSION = YES;
				CLANG_WARN_NON_LITERAL_NULL_CONVERSION = YES;
				CLANG_WARN_OBJC_LITERAL_CONVERSION = YES;
				CLANG_WARN_OBJC_ROOT_CLASS = YES_ERROR;
				CLANG_WARN_RANGE_LOOP_ANALYSIS = YES;
				CLANG_WARN_STRICT_PROTOTYPES = YES;
				CLANG_WARN_SUSPICIOUS_MOVE = YES;
				CLANG_WARN_UNGUARDED_AVAILABILITY = YES_AGGRESSIVE;
				CLANG_WARN_UNREACHABLE_CODE = YES;
				CLANG_WARN__DUPLICATE_METHOD_MATCH = YES;
				CODE_SIGN_IDENTITY = "iPhone Developer";
				COPY_PHASE_STRIP = NO;
				DEBUG_INFORMATION_FORMAT = dwarf;
				ENABLE_STRICT_OBJC_MSGSEND = YES;
				ENABLE_TESTABILITY = YES;
				GCC_C_LANGUAGE_STANDARD = gnu11;
				GCC_DYNAMIC_NO_PIC = NO;
				GCC_NO_COMMON_BLOCKS = YES;
				GCC_OPTIMIZATION_LEVEL = 0;
				GCC_PREPROCESSOR_DEFINITIONS = (
					"DEBUG=1",
					"$(inherited)",
				);
				GCC_WARN_64_TO_32_BIT_CONVERSION = YES;
				GCC_WARN_ABOUT_RETURN_TYPE = YES_ERROR;
				GCC_WARN_UNDECLARED_SELECTOR = YES;
				GCC_WARN_UNINITIALIZED_AUTOS = YES_AGGRESSIVE;
				GCC_WARN_UNUSED_FUNCTION = YES;
				GCC_WARN_UNUSED_VARIABLE = YES;
				IPHONEOS_DEPLOYMENT_TARGET = 11.2;
				MTL_ENABLE_DEBUG_INFO = YES;
				ONLY_ACTIVE_ARCH = YES;
				SDKROOT = iphoneos;
				SWIFT_ACTIVE_COMPILATION_CONDITIONS = DEBUG;
				SWIFT_OPTIMIZATION_LEVEL = "-Onone";
			};
			name = Debug;
		};
		D891C2A52156C2AD00B438A0 /* Release */ = {
			isa = XCBuildConfiguration;
			buildSettings = {
				ALWAYS_SEARCH_USER_PATHS = NO;
				CLANG_ANALYZER_NONNULL = YES;
				CLANG_ANALYZER_NUMBER_OBJECT_CONVERSION = YES_AGGRESSIVE;
				CLANG_CXX_LANGUAGE_STANDARD = "gnu++14";
				CLANG_CXX_LIBRARY = "libc++";
				CLANG_ENABLE_MODULES = YES;
				CLANG_ENABLE_OBJC_ARC = YES;
				CLANG_WARN_BLOCK_CAPTURE_AUTORELEASING = YES;
				CLANG_WARN_BOOL_CONVERSION = YES;
				CLANG_WARN_COMMA = YES;
				CLANG_WARN_CONSTANT_CONVERSION = YES;
				CLANG_WARN_DIRECT_OBJC_ISA_USAGE = YES_ERROR;
				CLANG_WARN_DOCUMENTATION_COMMENTS = YES;
				CLANG_WARN_EMPTY_BODY = YES;
				CLANG_WARN_ENUM_CONVERSION = YES;
				CLANG_WARN_INFINITE_RECURSION = YES;
				CLANG_WARN_INT_CONVERSION = YES;
				CLANG_WARN_NON_LITERAL_NULL_CONVERSION = YES;
				CLANG_WARN_OBJC_LITERAL_CONVERSION = YES;
				CLANG_WARN_OBJC_ROOT_CLASS = YES_ERROR;
				CLANG_WARN_RANGE_LOOP_ANALYSIS = YES;
				CLANG_WARN_STRICT_PROTOTYPES = YES;
				CLANG_WARN_SUSPICIOUS_MOVE = YES;
				CLANG_WARN_UNGUARDED_AVAILABILITY = YES_AGGRESSIVE;
				CLANG_WARN_UNREACHABLE_CODE = YES;
				CLANG_WARN__DUPLICATE_METHOD_MATCH = YES;
				CODE_SIGN_IDENTITY = "iPhone Developer";
				COPY_PHASE_STRIP = NO;
				DEBUG_INFORMATION_FORMAT = "dwarf-with-dsym";
				ENABLE_NS_ASSERTIONS = NO;
				ENABLE_STRICT_OBJC_MSGSEND = YES;
				GCC_C_LANGUAGE_STANDARD = gnu11;
				GCC_NO_COMMON_BLOCKS = YES;
				GCC_WARN_64_TO_32_BIT_CONVERSION = YES;
				GCC_WARN_ABOUT_RETURN_TYPE = YES_ERROR;
				GCC_WARN_UNDECLARED_SELECTOR = YES;
				GCC_WARN_UNINITIALIZED_AUTOS = YES_AGGRESSIVE;
				GCC_WARN_UNUSED_FUNCTION = YES;
				GCC_WARN_UNUSED_VARIABLE = YES;
				IPHONEOS_DEPLOYMENT_TARGET = 11.2;
				MTL_ENABLE_DEBUG_INFO = NO;
				SDKROOT = iphoneos;
				SWIFT_OPTIMIZATION_LEVEL = "-Owholemodule";
				VALIDATE_PRODUCT = YES;
			};
			name = Release;
		};
		D891C2A72156C2AD00B438A0 /* Debug */ = {
			isa = XCBuildConfiguration;
			buildSettings = {
				ASSETCATALOG_COMPILER_APPICON_NAME = AppIcon;
				CODE_SIGN_STYLE = Automatic;
				DEVELOPMENT_TEAM = 4EFY8C62PW;
				INFOPLIST_FILE = HckTheSystem/Info.plist;
				LD_RUNPATH_SEARCH_PATHS = "$(inherited) @executable_path/Frameworks";
				PRODUCT_BUNDLE_IDENTIFIER = org.vihan.HckTheSystem;
				PRODUCT_NAME = "$(TARGET_NAME)";
				SWIFT_VERSION = 4.0;
				TARGETED_DEVICE_FAMILY = "1,2";
			};
			name = Debug;
		};
		D891C2A82156C2AD00B438A0 /* Release */ = {
			isa = XCBuildConfiguration;
			buildSettings = {
				ASSETCATALOG_COMPILER_APPICON_NAME = AppIcon;
				CODE_SIGN_STYLE = Automatic;
				DEVELOPMENT_TEAM = 4EFY8C62PW;
				INFOPLIST_FILE = HckTheSystem/Info.plist;
				LD_RUNPATH_SEARCH_PATHS = "$(inherited) @executable_path/Frameworks";
				PRODUCT_BUNDLE_IDENTIFIER = org.vihan.HckTheSystem;
				PRODUCT_NAME = "$(TARGET_NAME)";
				SWIFT_VERSION = 4.0;
				TARGETED_DEVICE_FAMILY = "1,2";
			};
			name = Release;
		};
/* End XCBuildConfiguration section */

/* Begin XCConfigurationList section */
		D891C28C2156C2AD00B438A0 /* Build configuration list for PBXProject "HckTheSystem" */ = {
			isa = XCConfigurationList;
			buildConfigurations = (
				D891C2A42156C2AD00B438A0 /* Debug */,
				D891C2A52156C2AD00B438A0 /* Release */,
			);
			defaultConfigurationIsVisible = 0;
			defaultConfigurationName = Release;
		};
		D891C2A62156C2AD00B438A0 /* Build configuration list for PBXNativeTarget "HckTheSystem" */ = {
			isa = XCConfigurationList;
			buildConfigurations = (
				D891C2A72156C2AD00B438A0 /* Debug */,
				D891C2A82156C2AD00B438A0 /* Release */,
			);
			defaultConfigurationIsVisible = 0;
			defaultConfigurationName = Release;
		};
/* End XCConfigurationList section */

/* Begin XCVersionGroup section */
		D891C29B2156C2AD00B438A0 /* HckTheSystem.xcdatamodeld */ = {
			isa = XCVersionGroup;
			children = (
				D891C29C2156C2AD00B438A0 /* HckTheSystem.xcdatamodel */,
			);
			currentVersion = D891C29C2156C2AD00B438A0 /* HckTheSystem.xcdatamodel */;
			path = HckTheSystem.xcdatamodeld;
			sourceTree = "<group>";
			versionGroupType = wrapper.xcdatamodel;
		};
/* End XCVersionGroup section */
	};
	rootObject = D891C2892156C2AD00B438A0 /* Project object */;
}
